# THIS IS AN AUTOGENERATED FILE. DO NOT EDIT THIS FILE DIRECTLY.
# yarn lockfile v1


"@react-native-seoul/kakao-login@^3.3.3":
  version "3.3.3"
  resolved "https://registry.yarnpkg.com/@react-native-seoul/kakao-login/-/kakao-login-3.3.3.tgz#ce01c08d4b9e4fefa65f2e3851c49efcc0d5fa7c"
  integrity sha512-rDmeFkAg161kLOMcTO/z463pexZulUb6HJokDXKU+bQ2EiDnIk3KC0dqDgXaF2Yxn/1cfMUAu5ndl5YfPbla4w==
  dependencies:
    dooboolab-welcome "^1.3.0"

dooboolab-welcome@^1.3.0:
  version "1.3.2"
  resolved "https://registry.yarnpkg.com/dooboolab-welcome/-/dooboolab-welcome-1.3.2.tgz#4928595312f0429b4ea1b485ba8767bae6acdab7"
  integrity sha512-2NbMaIIURElxEf/UAoVUFlXrO+7n/FRhLCiQlk4fkbGRh9cJ3/f8VEMPveR9m4Ug2l2Zey+UCXjd6EcBqHJ5bw==
